{
  "version": 4,
  "terraform_version": "1.5.7",
  "serial": 50,
  "lineage": "29352c17-5a66-134b-7062-34b7418e130b",
  "outputs": {
    "api_url": {
      "value": "https://api.cleyfi.com",
      "type": "string"
    },
    "audit_logging_status": {
      "value": "ENABLED - All activities logged for compliance",
      "type": "string"
    },
    "cloudtrail_arn": {
      "value": "arn:aws:cloudtrail:us-east-1:257544353206:trail/cleyverse-trail-staging",
      "type": "string"
    },
    "cloudtrail_bucket_name": {
      "value": "cleyverse-cloudtrail-staging-9f9hsypq",
      "type": "string"
    },
    "cloudwatch_log_group_name": {
      "value": "/aws/ec2/cleyverse-app-staging",
      "type": "string"
    },
    "data_retention_policy": {
      "value": "7 years as per GDPR requirements",
      "type": "string"
    },
    "database_connection_string": {
      "value": "postgresql://cleyverse:Cleyverse2024!SecureDB#@cleyverse-db-staging.cwlea4ym8h2p.us-east-1.rds.amazonaws.com:5432:5432/cleyverse",
      "type": "string",
      "sensitive": true
    },
    "db_arn": {
      "value": "arn:aws:rds:us-east-1:257544353206:db:cleyverse-db-staging",
      "type": "string"
    },
    "db_endpoint": {
      "value": "cleyverse-db-staging.cwlea4ym8h2p.us-east-1.rds.amazonaws.com:5432",
      "type": "string",
      "sensitive": true
    },
    "db_instance_id": {
      "value": "db-WSDE6TRNV2MBT2RDRXO7XW2LGQ",
      "type": "string"
    },
    "db_name": {
      "value": "cleyverse",
      "type": "string"
    },
    "db_port": {
      "value": 5432,
      "type": "number"
    },
    "db_username": {
      "value": "cleyverse",
      "type": "string",
      "sensitive": true
    },
    "deployment_instructions": {
      "value": "1. SSH into the EC2 instance: 3.236.39.203\n2. Clone your repository: git clone \u003cyour-repo-url\u003e /var/www/cleyverse\n3. Run deployment script: /var/www/cleyverse/deploy.sh\n4. Configure SSL certificates: certbot --nginx -d api.cleyfi.com -d api-staging.cleyfi.com\n5. Start the application: pm2 start /var/www/cleyverse/ecosystem.config.js\n",
      "type": "string"
    },
    "ec2_instance_id": {
      "value": "i-0f515f4976fc362aa",
      "type": "string"
    },
    "ec2_private_ip": {
      "value": "10.0.1.211",
      "type": "string"
    },
    "ec2_public_dns": {
      "value": "ec2-3-236-39-203.compute-1.amazonaws.com",
      "type": "string"
    },
    "ec2_public_ip": {
      "value": "3.236.39.203",
      "type": "string"
    },
    "encryption_status": {
      "value": "ENABLED - All data encrypted at rest and in transit",
      "type": "string"
    },
    "estimated_monthly_cost": {
      "value": "~$50-80/month",
      "type": "string"
    },
    "frontend_url": {
      "value": "https://cleyfi.com",
      "type": "string"
    },
    "gdpr_compliance_status": {
      "value": "ENABLED - All GDPR requirements implemented",
      "type": "string"
    },
    "internet_gateway_id": {
      "value": "igw-0a56372ce4114e7ee",
      "type": "string"
    },
    "key_pair_name": {
      "value": "cleyverse-key-staging",
      "type": "string"
    },
    "kms_key_db_arn": {
      "value": "arn:aws:kms:us-east-1:257544353206:key/73045ec9-906b-4148-8ca5-9adf3b86d463",
      "type": "string"
    },
    "kms_key_ebs_arn": {
      "value": "arn:aws:kms:us-east-1:257544353206:key/6eb6d485-f37b-4a5b-8dd2-2d0ad8f0c1b3",
      "type": "string"
    },
    "log_groups": {
      "value": [
        "/aws/ec2/cleyverse-app-staging",
        "/aws/rds/instance/db-WSDE6TRNV2MBT2RDRXO7XW2LGQ/postgresql"
      ],
      "type": [
        "tuple",
        [
          "string",
          "string"
        ]
      ]
    },
    "monitoring_dashboard_url": {
      "value": "https://console.aws.amazon.com/cloudwatch/home?region=us-east-1#dashboards:name=Cleyverse-staging",
      "type": "string"
    },
    "nat_gateway_ids": {
      "value": [
        "nat-0c8227e8afa5dbe1d",
        "nat-0033191b4237c20de"
      ],
      "type": [
        "tuple",
        [
          "string",
          "string"
        ]
      ]
    },
    "private_subnet_ids": {
      "value": [
        "subnet-04d3c5adc3b2c7998",
        "subnet-08d1fea2e35eeaddd"
      ],
      "type": [
        "tuple",
        [
          "string",
          "string"
        ]
      ]
    },
    "public_subnet_ids": {
      "value": [
        "subnet-098e42d130b16417c",
        "subnet-099ee8ca2bddd8a06"
      ],
      "type": [
        "tuple",
        [
          "string",
          "string"
        ]
      ]
    },
    "s3_bucket_arn": {
      "value": "arn:aws:s3:::cleyverse-digital-files-staging-73qrkdf1",
      "type": "string"
    },
    "s3_bucket_domain_name": {
      "value": "cleyverse-digital-files-staging-73qrkdf1.s3.amazonaws.com",
      "type": "string"
    },
    "s3_bucket_name": {
      "value": "cleyverse-digital-files-staging-73qrkdf1",
      "type": "string"
    },
    "security_group_db_id": {
      "value": "sg-023e0be48a1a9478f",
      "type": "string"
    },
    "security_group_web_id": {
      "value": "sg-060323870c31cf310",
      "type": "string"
    },
    "ssh_connection_command": {
      "value": "ssh -i ~/.ssh/cleyverse-key-staging.pem ubuntu@3.236.39.203",
      "type": "string"
    },
    "staging_api_url": {
      "value": "https://api-staging.cleyfi.com",
      "type": "string"
    },
    "vpc_cidr_block": {
      "value": "10.0.0.0/16",
      "type": "string"
    },
    "vpc_id": {
      "value": "vpc-06b6e31fe3ca14dae",
      "type": "string"
    }
  },
  "resources": [
    {
      "mode": "data",
      "type": "aws_ami",
      "name": "ubuntu",
      "provider": "provider[\"registry.terraform.io/hashicorp/aws\"]",
      "instances": [
        {
          "schema_version": 0,
          "attributes": {
            "architecture": "x86_64",
            "arn": "arn:aws:ec2:us-east-1::image/ami-0c398cb65a93047f2",
            "block_device_mappings": [
              {
                "device_name": "/dev/sda1",
                "ebs": {
                  "delete_on_termination": "true",
                  "encrypted": "false",
                  "iops": "0",
                  "snapshot_id": "snap-0631691c299b02084",
                  "throughput": "0",
                  "volume_initialization_rate": "0",
                  "volume_size": "8",
                  "volume_type": "gp2"
                },
                "no_device": "",
                "virtual_name": ""
              },
              {
                "device_name": "/dev/sdb",
                "ebs": {},
                "no_device": "",
                "virtual_name": "ephemeral0"
              },
              {
                "device_name": "/dev/sdc",
                "ebs": {},
                "no_device": "",
                "virtual_name": "ephemeral1"
              }
            ],
            "boot_mode": "uefi-preferred",
            "creation_date": "2025-10-15T08:05:51.000Z",
            "deprecation_time": "2027-10-15T08:05:51.000Z",
            "description": "Canonical, Ubuntu, 22.04, amd64 jammy image",
            "ena_support": true,
            "executable_users": null,
            "filter": [
              {
                "name": "name",
                "values": [
                  "ubuntu/images/hvm-ssd/ubuntu-jammy-22.04-amd64-server-*"
                ]
              },
              {
                "name": "virtualization-type",
                "values": [
                  "hvm"
                ]
              }
            ],
            "hypervisor": "xen",
            "id": "ami-0c398cb65a93047f2",
            "image_id": "ami-0c398cb65a93047f2",
            "image_location": "amazon/ubuntu/images/hvm-ssd/ubuntu-jammy-22.04-amd64-server-20251015",
            "image_owner_alias": "amazon",
            "image_type": "machine",
            "imds_support": "",
            "include_deprecated": false,
            "kernel_id": "",
            "last_launched_time": "",
            "most_recent": true,
            "name": "ubuntu/images/hvm-ssd/ubuntu-jammy-22.04-amd64-server-20251015",
            "name_regex": null,
            "owner_id": "099720109477",
            "owners": [
              "099720109477"
            ],
            "platform": "",
            "platform_details": "Linux/UNIX",
            "product_codes": [],
            "public": true,
            "ramdisk_id": "",
            "root_device_name": "/dev/sda1",
            "root_device_type": "ebs",
            "root_snapshot_id": "snap-0631691c299b02084",
            "sriov_net_support": "simple",
            "state": "available",
            "state_reason": {
              "code": "UNSET",
              "message": "UNSET"
            },
            "tags": {},
            "timeouts": null,
            "tpm_support": "",
            "uefi_data": null,
            "usage_operation": "RunInstances",
            "virtualization_type": "hvm"
          },
          "sensitive_attributes": []
        }
      ]
    },
    {
      "mode": "data",
      "type": "aws_availability_zones",
      "name": "available",
      "provider": "provider[\"registry.terraform.io/hashicorp/aws\"]",
      "instances": [
        {
          "schema_version": 0,
          "attributes": {
            "all_availability_zones": null,
            "exclude_names": null,
            "exclude_zone_ids": null,
            "filter": null,
            "group_names": [
              "us-east-1-zg-1"
            ],
            "id": "us-east-1",
            "names": [
              "us-east-1a",
              "us-east-1b",
              "us-east-1c",
              "us-east-1d",
              "us-east-1e",
              "us-east-1f"
            ],
            "state": "available",
            "timeouts": null,
            "zone_ids": [
              "use1-az1",
              "use1-az2",
              "use1-az4",
              "use1-az6",
              "use1-az3",
              "use1-az5"
            ]
          },
          "sensitive_attributes": []
        }
      ]
    },
    {
      "mode": "data",
      "type": "aws_caller_identity",
      "name": "current",
      "provider": "provider[\"registry.terraform.io/hashicorp/aws\"]",
      "instances": [
        {
          "schema_version": 0,
          "attributes": {
            "account_id": "257544353206",
            "arn": "arn:aws:iam::257544353206:root",
            "id": "257544353206",
            "user_id": "257544353206"
          },
          "sensitive_attributes": []
        }
      ]
    },
    {
      "mode": "managed",
      "type": "aws_cloudtrail",
      "name": "cleyverse_trail",
      "provider": "provider[\"registry.terraform.io/hashicorp/aws\"]",
      "instances": [
        {
          "schema_version": 1,
          "attributes": {
            "advanced_event_selector": [],
            "arn": "arn:aws:cloudtrail:us-east-1:257544353206:trail/cleyverse-trail-staging",
            "cloud_watch_logs_group_arn": "",
            "cloud_watch_logs_role_arn": "",
            "enable_log_file_validation": false,
            "enable_logging": true,
            "event_selector": [
              {
                "data_resource": [
                  {
                    "type": "AWS::S3::Object",
                    "values": [
                      "arn:aws:s3:::cleyverse-digital-files-staging-73qrkdf1/*"
                    ]
                  }
                ],
                "exclude_management_event_sources": [],
                "include_management_events": true,
                "read_write_type": "All"
              }
            ],
            "home_region": "us-east-1",
            "id": "arn:aws:cloudtrail:us-east-1:257544353206:trail/cleyverse-trail-staging",
            "include_global_service_events": true,
            "insight_selector": [],
            "is_multi_region_trail": true,
            "is_organization_trail": false,
            "kms_key_id": "",
            "name": "cleyverse-trail-staging",
            "s3_bucket_name": "cleyverse-cloudtrail-staging-9f9hsypq",
            "s3_key_prefix": "",
            "sns_topic_arn": "",
            "sns_topic_name": "",
            "tags": {
              "Name": "cleyverse-trail-staging"
            },
            "tags_all": {
              "DataRetention": "7years",
              "Environment": "staging",
              "GDPR": "Compliant",
              "Name": "cleyverse-trail-staging",
              "Project": "Cleyverse"
            }
          },
          "sensitive_attributes": [],
          "private": "eyJzY2hlbWFfdmVyc2lvbiI6IjEifQ==",
          "dependencies": [
            "aws_s3_bucket.cloudtrail_bucket",
            "aws_s3_bucket.digital_files",
            "random_string.bucket_suffix",
            "random_string.cloudtrail_suffix"
          ]
        }
      ]
    },
    {
      "mode": "managed",
      "type": "aws_cloudwatch_log_group",
      "name": "cleyverse_app_logs",
      "provider": "provider[\"registry.terraform.io/hashicorp/aws\"]",
      "instances": [
        {
          "schema_version": 0,
          "attributes": {
            "arn": "arn:aws:logs:us-east-1:257544353206:log-group:/aws/ec2/cleyverse-app-staging",
            "id": "/aws/ec2/cleyverse-app-staging",
            "kms_key_id": "",
            "log_group_class": "STANDARD",
            "name": "/aws/ec2/cleyverse-app-staging",
            "name_prefix": "",
            "retention_in_days": 30,
            "skip_destroy": false,
            "tags": {
              "Name": "cleyverse-app-logs-staging"
            },
            "tags_all": {
              "DataRetention": "7years",
              "Environment": "staging",
              "GDPR": "Compliant",
              "Name": "cleyverse-app-logs-staging",
              "Project": "Cleyverse"
            }
          },
          "sensitive_attributes": [],
          "private": "bnVsbA=="
        }
      ]
    },
    {
      "mode": "managed",
      "type": "aws_db_instance",
      "name": "cleyverse_db",
      "provider": "provider[\"registry.terraform.io/hashicorp/aws\"]",
      "instances": [
        {
          "schema_version": 2,
          "attributes": {
            "address": "cleyverse-db-staging.cwlea4ym8h2p.us-east-1.rds.amazonaws.com",
            "allocated_storage": 20,
            "allow_major_version_upgrade": null,
            "apply_immediately": false,
            "arn": "arn:aws:rds:us-east-1:257544353206:db:cleyverse-db-staging",
            "auto_minor_version_upgrade": true,
            "availability_zone": "us-east-1a",
            "backup_retention_period": 30,
            "backup_target": "region",
            "backup_window": "03:00-04:00",
            "blue_green_update": [],
            "ca_cert_identifier": "rds-ca-rsa2048-g1",
            "character_set_name": "",
            "copy_tags_to_snapshot": false,
            "custom_iam_instance_profile": "",
            "customer_owned_ip_enabled": false,
            "database_insights_mode": "standard",
            "db_name": "cleyverse",
            "db_subnet_group_name": "cleyverse-db-subnet-group-staging",
            "dedicated_log_volume": false,
            "delete_automated_backups": true,
            "deletion_protection": false,
            "domain": "",
            "domain_auth_secret_arn": "",
            "domain_dns_ips": null,
            "domain_fqdn": "",
            "domain_iam_role_name": "",
            "domain_ou": "",
            "enabled_cloudwatch_logs_exports": null,
            "endpoint": "cleyverse-db-staging.cwlea4ym8h2p.us-east-1.rds.amazonaws.com:5432",
            "engine": "postgres",
            "engine_lifecycle_support": "open-source-rds-extended-support",
            "engine_version": "15.7",
            "engine_version_actual": "15.7",
            "final_snapshot_identifier": null,
            "hosted_zone_id": "Z2R2ITUGPM61AM",
            "iam_database_authentication_enabled": false,
            "id": "db-WSDE6TRNV2MBT2RDRXO7XW2LGQ",
            "identifier": "cleyverse-db-staging",
            "identifier_prefix": "",
            "instance_class": "db.t3.micro",
            "iops": 3000,
            "kms_key_id": "arn:aws:kms:us-east-1:257544353206:key/73045ec9-906b-4148-8ca5-9adf3b86d463",
            "latest_restorable_time": "2025-10-18T20:30:53Z",
            "license_model": "postgresql-license",
            "listener_endpoint": [],
            "maintenance_window": "sun:04:00-sun:05:00",
            "manage_master_user_password": null,
            "master_user_secret": [],
            "master_user_secret_kms_key_id": null,
            "max_allocated_storage": 100,
            "monitoring_interval": 60,
            "monitoring_role_arn": "arn:aws:iam::257544353206:role/cleyverse-rds-monitoring-role-staging",
            "multi_az": false,
            "nchar_character_set_name": "",
            "network_type": "IPV4",
            "option_group_name": "default:postgres-15",
            "parameter_group_name": "default.postgres15",
            "password": "Cleyverse2024!SecureDB#",
            "password_wo": null,
            "password_wo_version": null,
            "performance_insights_enabled": true,
            "performance_insights_kms_key_id": "arn:aws:kms:us-east-1:257544353206:key/a5757659-9695-4cf9-9e45-00486c2b19ef",
            "performance_insights_retention_period": 7,
            "port": 5432,
            "publicly_accessible": false,
            "replica_mode": "",
            "replicas": [],
            "replicate_source_db": "",
            "resource_id": "db-WSDE6TRNV2MBT2RDRXO7XW2LGQ",
            "restore_to_point_in_time": [],
            "s3_import": [],
            "skip_final_snapshot": true,
            "snapshot_identifier": null,
            "status": "available",
            "storage_encrypted": true,
            "storage_throughput": 125,
            "storage_type": "gp3",
            "tags": {
              "Name": "cleyverse-db-staging"
            },
            "tags_all": {
              "DataRetention": "7years",
              "Environment": "staging",
              "GDPR": "Compliant",
              "Name": "cleyverse-db-staging",
              "Project": "Cleyverse"
            },
            "timeouts": null,
            "timezone": "",
            "upgrade_storage_config": null,
            "username": "cleyverse",
            "vpc_security_group_ids": [
              "sg-023e0be48a1a9478f"
            ]
          },
          "sensitive_attributes": [
            [
              {
                "type": "get_attr",
                "value": "password"
              }
            ]
          ],
          "private": "eyJlMmJmYjczMC1lY2FhLTExZTYtOGY4OC0zNDM2M2JjN2M0YzAiOnsiY3JlYXRlIjozMDAwMDAwMDAwMDAwLCJkZWxldGUiOjM2MDAwMDAwMDAwMDAsInVwZGF0ZSI6NDgwMDAwMDAwMDAwMH0sInNjaGVtYV92ZXJzaW9uIjoiMiJ9",
          "dependencies": [
            "aws_db_subnet_group.cleyverse_db_subnet_group",
            "aws_iam_role.rds_monitoring_role",
            "aws_kms_key.db_key",
            "aws_security_group.db_sg"
          ]
        }
      ]
    },
    {
      "mode": "managed",
      "type": "aws_db_subnet_group",
      "name": "cleyverse_db_subnet_group",
      "provider": "provider[\"registry.terraform.io/hashicorp/aws\"]",
      "instances": [
        {
          "schema_version": 0,
          "attributes": {
            "arn": "arn:aws:rds:us-east-1:257544353206:subgrp:cleyverse-db-subnet-group-staging",
            "description": "Managed by Terraform",
            "id": "cleyverse-db-subnet-group-staging",
            "name": "cleyverse-db-subnet-group-staging",
            "name_prefix": "",
            "subnet_ids": [
              "subnet-04d3c5adc3b2c7998",
              "subnet-08d1fea2e35eeaddd"
            ],
            "supported_network_types": [
              "IPV4"
            ],
            "tags": {
              "Name": "cleyverse-db-subnet-group-staging"
            },
            "tags_all": {
              "DataRetention": "7years",
              "Environment": "staging",
              "GDPR": "Compliant",
              "Name": "cleyverse-db-subnet-group-staging",
              "Project": "Cleyverse"
            },
            "vpc_id": "vpc-06b6e31fe3ca14dae"
          },
          "sensitive_attributes": [],
          "private": "bnVsbA==",
          "dependencies": [
            "aws_subnet.private_subnets",
            "aws_vpc.cleyverse_vpc",
            "data.aws_availability_zones.available"
          ]
        }
      ]
    },
    {
      "mode": "managed",
      "type": "aws_eip",
      "name": "nat_eip",
      "provider": "provider[\"registry.terraform.io/hashicorp/aws\"]",
      "instances": [
        {
          "index_key": 0,
          "schema_version": 0,
          "attributes": {
            "address": null,
            "allocation_id": "eipalloc-05b328d4749876776",
            "arn": "arn:aws:ec2:us-east-1:257544353206:elastic-ip/eipalloc-05b328d4749876776",
            "associate_with_private_ip": null,
            "association_id": "eipassoc-08e40808a936f9523",
            "carrier_ip": "",
            "customer_owned_ip": "",
            "customer_owned_ipv4_pool": "",
            "domain": "vpc",
            "id": "eipalloc-05b328d4749876776",
            "instance": "",
            "ipam_pool_id": null,
            "network_border_group": "us-east-1",
            "network_interface": "eni-0461f33aac0947eff",
            "private_dns": "ip-10-0-1-59.ec2.internal",
            "private_ip": "10.0.1.59",
            "ptr_record": "",
            "public_dns": "ec2-98-90-112-20.compute-1.amazonaws.com",
            "public_ip": "98.90.112.20",
            "public_ipv4_pool": "amazon",
            "tags": {
              "Name": "cleyverse-nat-eip-1-staging"
            },
            "tags_all": {
              "DataRetention": "7years",
              "Environment": "staging",
              "GDPR": "Compliant",
              "Name": "cleyverse-nat-eip-1-staging",
              "Project": "Cleyverse"
            },
            "timeouts": null,
            "vpc": true
          },
          "sensitive_attributes": [],
          "private": "eyJlMmJmYjczMC1lY2FhLTExZTYtOGY4OC0zNDM2M2JjN2M0YzAiOnsiZGVsZXRlIjoxODAwMDAwMDAwMDAsInJlYWQiOjkwMDAwMDAwMDAwMCwidXBkYXRlIjozMDAwMDAwMDAwMDB9fQ=="
        },
        {
          "index_key": 1,
          "schema_version": 0,
          "attributes": {
            "address": null,
            "allocation_id": "eipalloc-08e5f794cc424c97f",
            "arn": "arn:aws:ec2:us-east-1:257544353206:elastic-ip/eipalloc-08e5f794cc424c97f",
            "associate_with_private_ip": null,
            "association_id": "eipassoc-061e8caaa4afc3272",
            "carrier_ip": "",
            "customer_owned_ip": "",
            "customer_owned_ipv4_pool": "",
            "domain": "vpc",
            "id": "eipalloc-08e5f794cc424c97f",
            "instance": "",
            "ipam_pool_id": null,
            "network_border_group": "us-east-1",
            "network_interface": "eni-055db62f801b62a42",
            "private_dns": "ip-10-0-2-29.ec2.internal",
            "private_ip": "10.0.2.29",
            "ptr_record": "",
            "public_dns": "ec2-98-90-45-95.compute-1.amazonaws.com",
            "public_ip": "98.90.45.95",
            "public_ipv4_pool": "amazon",
            "tags": {
              "Name": "cleyverse-nat-eip-2-staging"
            },
            "tags_all": {
              "DataRetention": "7years",
              "Environment": "staging",
              "GDPR": "Compliant",
              "Name": "cleyverse-nat-eip-2-staging",
              "Project": "Cleyverse"
            },
            "timeouts": null,
            "vpc": true
          },
          "sensitive_attributes": [],
          "private": "eyJlMmJmYjczMC1lY2FhLTExZTYtOGY4OC0zNDM2M2JjN2M0YzAiOnsiZGVsZXRlIjoxODAwMDAwMDAwMDAsInJlYWQiOjkwMDAwMDAwMDAwMCwidXBkYXRlIjozMDAwMDAwMDAwMDB9fQ=="
        }
      ]
    },
    {
      "mode": "managed",
      "type": "aws_iam_role",
      "name": "rds_monitoring_role",
      "provider": "provider[\"registry.terraform.io/hashicorp/aws\"]",
      "instances": [
        {
          "schema_version": 0,
          "attributes": {
            "arn": "arn:aws:iam::257544353206:role/cleyverse-rds-monitoring-role-staging",
            "assume_role_policy": "{\"Statement\":[{\"Action\":\"sts:AssumeRole\",\"Effect\":\"Allow\",\"Principal\":{\"Service\":\"monitoring.rds.amazonaws.com\"}}],\"Version\":\"2012-10-17\"}",
            "create_date": "2025-10-18T20:14:37Z",
            "description": "",
            "force_detach_policies": false,
            "id": "cleyverse-rds-monitoring-role-staging",
            "inline_policy": [],
            "managed_policy_arns": [
              "arn:aws:iam::aws:policy/service-role/AmazonRDSEnhancedMonitoringRole"
            ],
            "max_session_duration": 3600,
            "name": "cleyverse-rds-monitoring-role-staging",
            "name_prefix": "",
            "path": "/",
            "permissions_boundary": "",
            "tags": {},
            "tags_all": {
              "DataRetention": "7years",
              "Environment": "staging",
              "GDPR": "Compliant",
              "Project": "Cleyverse"
            },
            "unique_id": "AROATX5WW6W3KTHWKWIXH"
          },
          "sensitive_attributes": [],
          "private": "bnVsbA=="
        }
      ]
    },
    {
      "mode": "managed",
      "type": "aws_iam_role_policy_attachment",
      "name": "rds_monitoring_role_policy",
      "provider": "provider[\"registry.terraform.io/hashicorp/aws\"]",
      "instances": [
        {
          "schema_version": 0,
          "attributes": {
            "id": "cleyverse-rds-monitoring-role-staging-20251018201438071400000001",
            "policy_arn": "arn:aws:iam::aws:policy/service-role/AmazonRDSEnhancedMonitoringRole",
            "role": "cleyverse-rds-monitoring-role-staging"
          },
          "sensitive_attributes": [],
          "private": "bnVsbA==",
          "dependencies": [
            "aws_iam_role.rds_monitoring_role"
          ]
        }
      ]
    },
    {
      "mode": "managed",
      "type": "aws_instance",
      "name": "cleyverse_app",
      "provider": "provider[\"registry.terraform.io/hashicorp/aws\"]",
      "instances": [
        {
          "schema_version": 1,
          "attributes": {
            "ami": "ami-0c398cb65a93047f2",
            "arn": "arn:aws:ec2:us-east-1:257544353206:instance/i-0f515f4976fc362aa",
            "associate_public_ip_address": true,
            "availability_zone": "us-east-1a",
            "capacity_reservation_specification": [
              {
                "capacity_reservation_preference": "open",
                "capacity_reservation_target": []
              }
            ],
            "cpu_core_count": 1,
            "cpu_options": [
              {
                "amd_sev_snp": "",
                "core_count": 1,
                "threads_per_core": 2
              }
            ],
            "cpu_threads_per_core": 2,
            "credit_specification": [
              {
                "cpu_credits": "unlimited"
              }
            ],
            "disable_api_stop": false,
            "disable_api_termination": false,
            "ebs_block_device": [],
            "ebs_optimized": false,
            "enable_primary_ipv6": null,
            "enclave_options": [
              {
                "enabled": false
              }
            ],
            "ephemeral_block_device": [],
            "get_password_data": false,
            "hibernation": false,
            "host_id": "",
            "host_resource_group_arn": null,
            "iam_instance_profile": "",
            "id": "i-0f515f4976fc362aa",
            "instance_initiated_shutdown_behavior": "stop",
            "instance_lifecycle": "",
            "instance_market_options": [],
            "instance_state": "running",
            "instance_type": "t3.micro",
            "ipv6_address_count": 0,
            "ipv6_addresses": [],
            "key_name": "cleyverse-key-staging",
            "launch_template": [],
            "maintenance_options": [
              {
                "auto_recovery": "default"
              }
            ],
            "metadata_options": [
              {
                "http_endpoint": "enabled",
                "http_protocol_ipv6": "disabled",
                "http_put_response_hop_limit": 1,
                "http_tokens": "optional",
                "instance_metadata_tags": "disabled"
              }
            ],
            "monitoring": true,
            "network_interface": [],
            "outpost_arn": "",
            "password_data": "",
            "placement_group": "",
            "placement_partition_number": 0,
            "primary_network_interface_id": "eni-016ad8b467e65b98a",
            "private_dns": "ip-10-0-1-211.ec2.internal",
            "private_dns_name_options": [
              {
                "enable_resource_name_dns_a_record": false,
                "enable_resource_name_dns_aaaa_record": false,
                "hostname_type": "ip-name"
              }
            ],
            "private_ip": "10.0.1.211",
            "public_dns": "ec2-3-236-39-203.compute-1.amazonaws.com",
            "public_ip": "3.236.39.203",
            "root_block_device": [
              {
                "delete_on_termination": true,
                "device_name": "/dev/sda1",
                "encrypted": true,
                "iops": 3000,
                "kms_key_id": "arn:aws:kms:us-east-1:257544353206:key/6eb6d485-f37b-4a5b-8dd2-2d0ad8f0c1b3",
                "tags": {},
                "tags_all": {
                  "DataRetention": "7years",
                  "Environment": "staging",
                  "GDPR": "Compliant",
                  "Project": "Cleyverse"
                },
                "throughput": 125,
                "volume_id": "vol-02d17c6e5e20f2472",
                "volume_size": 30,
                "volume_type": "gp3"
              }
            ],
            "secondary_private_ips": [],
            "security_groups": [],
            "source_dest_check": true,
            "spot_instance_request_id": "",
            "subnet_id": "subnet-098e42d130b16417c",
            "tags": {
              "Name": "cleyverse-app-staging"
            },
            "tags_all": {
              "DataRetention": "7years",
              "Environment": "staging",
              "GDPR": "Compliant",
              "Name": "cleyverse-app-staging",
              "Project": "Cleyverse"
            },
            "tenancy": "default",
            "timeouts": null,
            "user_data": "c9d9c056b28e3ae7c42d11e241cc78ee24319e77",
            "user_data_base64": null,
            "user_data_replace_on_change": false,
            "volume_tags": null,
            "vpc_security_group_ids": [
              "sg-060323870c31cf310"
            ]
          },
          "sensitive_attributes": [],
          "private": "eyJlMmJmYjczMC1lY2FhLTExZTYtOGY4OC0zNDM2M2JjN2M0YzAiOnsiY3JlYXRlIjo2MDAwMDAwMDAwMDAsImRlbGV0ZSI6MTIwMDAwMDAwMDAwMCwicmVhZCI6OTAwMDAwMDAwMDAwLCJ1cGRhdGUiOjYwMDAwMDAwMDAwMH0sInNjaGVtYV92ZXJzaW9uIjoiMSJ9",
          "dependencies": [
            "aws_key_pair.cleyverse_key",
            "aws_kms_key.ebs_key",
            "aws_security_group.web_sg",
            "aws_subnet.public_subnets",
            "aws_vpc.cleyverse_vpc",
            "data.aws_ami.ubuntu",
            "data.aws_availability_zones.available"
          ]
        }
      ]
    },
    {
      "mode": "managed",
      "type": "aws_internet_gateway",
      "name": "cleyverse_igw",
      "provider": "provider[\"registry.terraform.io/hashicorp/aws\"]",
      "instances": [
        {
          "schema_version": 0,
          "attributes": {
            "arn": "arn:aws:ec2:us-east-1:257544353206:internet-gateway/igw-0a56372ce4114e7ee",
            "id": "igw-0a56372ce4114e7ee",
            "owner_id": "257544353206",
            "tags": {
              "Name": "cleyverse-igw-staging"
            },
            "tags_all": {
              "DataRetention": "7years",
              "Environment": "staging",
              "GDPR": "Compliant",
              "Name": "cleyverse-igw-staging",
              "Project": "Cleyverse"
            },
            "timeouts": null,
            "vpc_id": "vpc-06b6e31fe3ca14dae"
          },
          "sensitive_attributes": [],
          "private": "eyJlMmJmYjczMC1lY2FhLTExZTYtOGY4OC0zNDM2M2JjN2M0YzAiOnsiY3JlYXRlIjoxMjAwMDAwMDAwMDAwLCJkZWxldGUiOjEyMDAwMDAwMDAwMDAsInVwZGF0ZSI6MTIwMDAwMDAwMDAwMH19",
          "dependencies": [
            "aws_vpc.cleyverse_vpc"
          ]
        }
      ]
    },
    {
      "mode": "managed",
      "type": "aws_key_pair",
      "name": "cleyverse_key",
      "provider": "provider[\"registry.terraform.io/hashicorp/aws\"]",
      "instances": [
        {
          "schema_version": 1,
          "attributes": {
            "arn": "arn:aws:ec2:us-east-1:257544353206:key-pair/cleyverse-key-staging",
            "fingerprint": "0c:b4:57:c0:4c:7b:66:8a:bd:56:25:54:2d:f9:be:43",
            "id": "cleyverse-key-staging",
            "key_name": "cleyverse-key-staging",
            "key_name_prefix": "",
            "key_pair_id": "key-01270a308ed11f690",
            "key_type": "rsa",
            "public_key": "ssh-rsa AAAAB3NzaC1yc2EAAAADAQABAAACAQDGgB6p/tQf6NdJjvlIxUdj2n2IjwWtfIhvlUxQdvWLHpYu66vuhjg+IZAKyqgL8PkokwW6/8+tIHNWFVtSgg5d67J0PGIdGcq8LrgMEkGMjJ85bo36yJjQavkF32rmFO/0IetasU2nA01q+3eiH9gzQkxbEdWYzM35v7s8HH8D1nobewNSHLaktGv8ST1U7iLzpN9Zd8lnfSxoLZdWRlKzv7b3yrR+QoJ7p6vxIgiEEUx5gcfQuGI/68JvT1oYkoGGroNRftGAGqNbZxIeHG2PCFJAV9wafhyKp+EfAAhfjZaZjYs87hkTC75hy/Avgw2Ozrhy1/VX8H+UY4Kd7PQcgjzaNXe75esPx4Do6glx+rX73vwGc/QW9a53EYrSUa33etdqPYQLWjV7iv8m8BWSyTf8d08ekaaDhHHX2+W6mbRqzqyixjUEPJsZdk0FY0C+WZI4LC2IQP76nPPjatmR35apuy1s3HTxq9AiinqOJ3RB6b+xLoDyIoq2mz6LGorfu12Jrv7nE39PWHLFsXTDDrcmeA0owGnW1v1AikZ315Ns+Fg3m7GJkaob+oZGF1X97IKc7SxENqI1vWW84fA5SlJl3pjczwdC2v4dbBOjh9xmBAPizD5TbptDdulrQJZ5uCsccnWTsD7qs3Zj/pYi34L3k2qtTXWbtDsCow11Vw== cleyverse-production",
            "tags": {
              "Name": "cleyverse-key-staging"
            },
            "tags_all": {
              "DataRetention": "7years",
              "Environment": "staging",
              "GDPR": "Compliant",
              "Name": "cleyverse-key-staging",
              "Project": "Cleyverse"
            }
          },
          "sensitive_attributes": [],
          "private": "eyJzY2hlbWFfdmVyc2lvbiI6IjEifQ=="
        }
      ]
    },
    {
      "mode": "managed",
      "type": "aws_kms_alias",
      "name": "db_key_alias",
      "provider": "provider[\"registry.terraform.io/hashicorp/aws\"]",
      "instances": [
        {
          "schema_version": 0,
          "attributes": {
            "arn": "arn:aws:kms:us-east-1:257544353206:alias/cleyverse-db-key-staging",
            "id": "alias/cleyverse-db-key-staging",
            "name": "alias/cleyverse-db-key-staging",
            "name_prefix": "",
            "target_key_arn": "arn:aws:kms:us-east-1:257544353206:key/73045ec9-906b-4148-8ca5-9adf3b86d463",
            "target_key_id": "73045ec9-906b-4148-8ca5-9adf3b86d463"
          },
          "sensitive_attributes": [],
          "private": "bnVsbA==",
          "dependencies": [
            "aws_kms_key.db_key"
          ]
        }
      ]
    },
    {
      "mode": "managed",
      "type": "aws_kms_alias",
      "name": "ebs_key_alias",
      "provider": "provider[\"registry.terraform.io/hashicorp/aws\"]",
      "instances": [
        {
          "schema_version": 0,
          "attributes": {
            "arn": "arn:aws:kms:us-east-1:257544353206:alias/cleyverse-ebs-key-staging",
            "id": "alias/cleyverse-ebs-key-staging",
            "name": "alias/cleyverse-ebs-key-staging",
            "name_prefix": "",
            "target_key_arn": "arn:aws:kms:us-east-1:257544353206:key/6eb6d485-f37b-4a5b-8dd2-2d0ad8f0c1b3",
            "target_key_id": "6eb6d485-f37b-4a5b-8dd2-2d0ad8f0c1b3"
          },
          "sensitive_attributes": [],
          "private": "bnVsbA==",
          "dependencies": [
            "aws_kms_key.ebs_key"
          ]
        }
      ]
    },
    {
      "mode": "managed",
      "type": "aws_kms_key",
      "name": "db_key",
      "provider": "provider[\"registry.terraform.io/hashicorp/aws\"]",
      "instances": [
        {
          "schema_version": 0,
          "attributes": {
            "arn": "arn:aws:kms:us-east-1:257544353206:key/73045ec9-906b-4148-8ca5-9adf3b86d463",
            "bypass_policy_lockout_safety_check": false,
            "custom_key_store_id": "",
            "customer_master_key_spec": "SYMMETRIC_DEFAULT",
            "deletion_window_in_days": 7,
            "description": "KMS key for Cleyverse database encryption - GDPR compliance",
            "enable_key_rotation": false,
            "id": "73045ec9-906b-4148-8ca5-9adf3b86d463",
            "is_enabled": true,
            "key_id": "73045ec9-906b-4148-8ca5-9adf3b86d463",
            "key_usage": "ENCRYPT_DECRYPT",
            "multi_region": false,
            "policy": "{\"Id\":\"key-default-1\",\"Statement\":[{\"Action\":\"kms:*\",\"Effect\":\"Allow\",\"Principal\":{\"AWS\":\"arn:aws:iam::257544353206:root\"},\"Resource\":\"*\",\"Sid\":\"Enable IAM User Permissions\"}],\"Version\":\"2012-10-17\"}",
            "rotation_period_in_days": 0,
            "tags": {
              "Name": "cleyverse-db-key-staging"
            },
            "tags_all": {
              "DataRetention": "7years",
              "Environment": "staging",
              "GDPR": "Compliant",
              "Name": "cleyverse-db-key-staging",
              "Project": "Cleyverse"
            },
            "timeouts": null,
            "xks_key_id": ""
          },
          "sensitive_attributes": [],
          "private": "eyJlMmJmYjczMC1lY2FhLTExZTYtOGY4OC0zNDM2M2JjN2M0YzAiOnsiY3JlYXRlIjoxMjAwMDAwMDAwMDB9fQ=="
        }
      ]
    },
    {
      "mode": "managed",
      "type": "aws_kms_key",
      "name": "ebs_key",
      "provider": "provider[\"registry.terraform.io/hashicorp/aws\"]",
      "instances": [
        {
          "schema_version": 0,
          "attributes": {
            "arn": "arn:aws:kms:us-east-1:257544353206:key/6eb6d485-f37b-4a5b-8dd2-2d0ad8f0c1b3",
            "bypass_policy_lockout_safety_check": false,
            "custom_key_store_id": "",
            "customer_master_key_spec": "SYMMETRIC_DEFAULT",
            "deletion_window_in_days": 7,
            "description": "KMS key for Cleyverse EBS encryption - GDPR compliance",
            "enable_key_rotation": false,
            "id": "6eb6d485-f37b-4a5b-8dd2-2d0ad8f0c1b3",
            "is_enabled": true,
            "key_id": "6eb6d485-f37b-4a5b-8dd2-2d0ad8f0c1b3",
            "key_usage": "ENCRYPT_DECRYPT",
            "multi_region": false,
            "policy": "{\"Id\":\"key-default-1\",\"Statement\":[{\"Action\":\"kms:*\",\"Effect\":\"Allow\",\"Principal\":{\"AWS\":\"arn:aws:iam::257544353206:root\"},\"Resource\":\"*\",\"Sid\":\"Enable IAM User Permissions\"}],\"Version\":\"2012-10-17\"}",
            "rotation_period_in_days": 0,
            "tags": {
              "Name": "cleyverse-ebs-key-staging"
            },
            "tags_all": {
              "DataRetention": "7years",
              "Environment": "staging",
              "GDPR": "Compliant",
              "Name": "cleyverse-ebs-key-staging",
              "Project": "Cleyverse"
            },
            "timeouts": null,
            "xks_key_id": ""
          },
          "sensitive_attributes": [],
          "private": "eyJlMmJmYjczMC1lY2FhLTExZTYtOGY4OC0zNDM2M2JjN2M0YzAiOnsiY3JlYXRlIjoxMjAwMDAwMDAwMDB9fQ=="
        }
      ]
    },
    {
      "mode": "managed",
      "type": "aws_nat_gateway",
      "name": "nat_gateway",
      "provider": "provider[\"registry.terraform.io/hashicorp/aws\"]",
      "instances": [
        {
          "index_key": 0,
          "schema_version": 0,
          "attributes": {
            "allocation_id": "eipalloc-05b328d4749876776",
            "association_id": "eipassoc-08e40808a936f9523",
            "connectivity_type": "public",
            "id": "nat-0c8227e8afa5dbe1d",
            "network_interface_id": "eni-0461f33aac0947eff",
            "private_ip": "10.0.1.59",
            "public_ip": "98.90.112.20",
            "secondary_allocation_ids": [],
            "secondary_private_ip_address_count": 0,
            "secondary_private_ip_addresses": [],
            "subnet_id": "subnet-098e42d130b16417c",
            "tags": {
              "Name": "cleyverse-nat-gateway-1-staging"
            },
            "tags_all": {
              "DataRetention": "7years",
              "Environment": "staging",
              "GDPR": "Compliant",
              "Name": "cleyverse-nat-gateway-1-staging",
              "Project": "Cleyverse"
            },
            "timeouts": null
          },
          "sensitive_attributes": [],
          "private": "eyJlMmJmYjczMC1lY2FhLTExZTYtOGY4OC0zNDM2M2JjN2M0YzAiOnsiY3JlYXRlIjo2MDAwMDAwMDAwMDAsImRlbGV0ZSI6MTgwMDAwMDAwMDAwMCwidXBkYXRlIjo2MDAwMDAwMDAwMDB9fQ==",
          "dependencies": [
            "aws_eip.nat_eip",
            "aws_internet_gateway.cleyverse_igw",
            "aws_subnet.public_subnets",
            "aws_vpc.cleyverse_vpc",
            "data.aws_availability_zones.available"
          ]
        },
        {
          "index_key": 1,
          "schema_version": 0,
          "attributes": {
            "allocation_id": "eipalloc-08e5f794cc424c97f",
            "association_id": "eipassoc-061e8caaa4afc3272",
            "connectivity_type": "public",
            "id": "nat-0033191b4237c20de",
            "network_interface_id": "eni-055db62f801b62a42",
            "private_ip": "10.0.2.29",
            "public_ip": "98.90.45.95",
            "secondary_allocation_ids": [],
            "secondary_private_ip_address_count": 0,
            "secondary_private_ip_addresses": [],
            "subnet_id": "subnet-099ee8ca2bddd8a06",
            "tags": {
              "Name": "cleyverse-nat-gateway-2-staging"
            },
            "tags_all": {
              "DataRetention": "7years",
              "Environment": "staging",
              "GDPR": "Compliant",
              "Name": "cleyverse-nat-gateway-2-staging",
              "Project": "Cleyverse"
            },
            "timeouts": null
          },
          "sensitive_attributes": [],
          "private": "eyJlMmJmYjczMC1lY2FhLTExZTYtOGY4OC0zNDM2M2JjN2M0YzAiOnsiY3JlYXRlIjo2MDAwMDAwMDAwMDAsImRlbGV0ZSI6MTgwMDAwMDAwMDAwMCwidXBkYXRlIjo2MDAwMDAwMDAwMDB9fQ==",
          "dependencies": [
            "aws_eip.nat_eip",
            "aws_internet_gateway.cleyverse_igw",
            "aws_subnet.public_subnets",
            "aws_vpc.cleyverse_vpc",
            "data.aws_availability_zones.available"
          ]
        }
      ]
    },
    {
      "mode": "managed",
      "type": "aws_route_table",
      "name": "private_rt",
      "provider": "provider[\"registry.terraform.io/hashicorp/aws\"]",
      "instances": [
        {
          "index_key": 0,
          "schema_version": 0,
          "attributes": {
            "arn": "arn:aws:ec2:us-east-1:257544353206:route-table/rtb-08db513ba0f7a83f3",
            "id": "rtb-08db513ba0f7a83f3",
            "owner_id": "257544353206",
            "propagating_vgws": [],
            "route": [
              {
                "carrier_gateway_id": "",
                "cidr_block": "0.0.0.0/0",
                "core_network_arn": "",
                "destination_prefix_list_id": "",
                "egress_only_gateway_id": "",
                "gateway_id": "",
                "ipv6_cidr_block": "",
                "local_gateway_id": "",
                "nat_gateway_id": "nat-0c8227e8afa5dbe1d",
                "network_interface_id": "",
                "transit_gateway_id": "",
                "vpc_endpoint_id": "",
                "vpc_peering_connection_id": ""
              }
            ],
            "tags": {
              "Name": "cleyverse-private-rt-1-staging"
            },
            "tags_all": {
              "DataRetention": "7years",
              "Environment": "staging",
              "GDPR": "Compliant",
              "Name": "cleyverse-private-rt-1-staging",
              "Project": "Cleyverse"
            },
            "timeouts": null,
            "vpc_id": "vpc-06b6e31fe3ca14dae"
          },
          "sensitive_attributes": [],
          "private": "eyJlMmJmYjczMC1lY2FhLTExZTYtOGY4OC0zNDM2M2JjN2M0YzAiOnsiY3JlYXRlIjozMDAwMDAwMDAwMDAsImRlbGV0ZSI6MzAwMDAwMDAwMDAwLCJ1cGRhdGUiOjEyMDAwMDAwMDAwMH19",
          "dependencies": [
            "aws_eip.nat_eip",
            "aws_internet_gateway.cleyverse_igw",
            "aws_nat_gateway.nat_gateway",
            "aws_subnet.public_subnets",
            "aws_vpc.cleyverse_vpc",
            "data.aws_availability_zones.available"
          ]
        },
        {
          "index_key": 1,
          "schema_version": 0,
          "attributes": {
            "arn": "arn:aws:ec2:us-east-1:257544353206:route-table/rtb-0e89c1973e0767aa8",
            "id": "rtb-0e89c1973e0767aa8",
            "owner_id": "257544353206",
            "propagating_vgws": [],
            "route": [
              {
                "carrier_gateway_id": "",
                "cidr_block": "0.0.0.0/0",
                "core_network_arn": "",
                "destination_prefix_list_id": "",
                "egress_only_gateway_id": "",
                "gateway_id": "",
                "ipv6_cidr_block": "",
                "local_gateway_id": "",
                "nat_gateway_id": "nat-0033191b4237c20de",
                "network_interface_id": "",
                "transit_gateway_id": "",
                "vpc_endpoint_id": "",
                "vpc_peering_connection_id": ""
              }
            ],
            "tags": {
              "Name": "cleyverse-private-rt-2-staging"
            },
            "tags_all": {
              "DataRetention": "7years",
              "Environment": "staging",
              "GDPR": "Compliant",
              "Name": "cleyverse-private-rt-2-staging",
              "Project": "Cleyverse"
            },
            "timeouts": null,
            "vpc_id": "vpc-06b6e31fe3ca14dae"
          },
          "sensitive_attributes": [],
          "private": "eyJlMmJmYjczMC1lY2FhLTExZTYtOGY4OC0zNDM2M2JjN2M0YzAiOnsiY3JlYXRlIjozMDAwMDAwMDAwMDAsImRlbGV0ZSI6MzAwMDAwMDAwMDAwLCJ1cGRhdGUiOjEyMDAwMDAwMDAwMH19",
          "dependencies": [
            "aws_eip.nat_eip",
            "aws_internet_gateway.cleyverse_igw",
            "aws_nat_gateway.nat_gateway",
            "aws_subnet.public_subnets",
            "aws_vpc.cleyverse_vpc",
            "data.aws_availability_zones.available"
          ]
        }
      ]
    },
    {
      "mode": "managed",
      "type": "aws_route_table",
      "name": "public_rt",
      "provider": "provider[\"registry.terraform.io/hashicorp/aws\"]",
      "instances": [
        {
          "schema_version": 0,
          "attributes": {
            "arn": "arn:aws:ec2:us-east-1:257544353206:route-table/rtb-06c770e8b97b837aa",
            "id": "rtb-06c770e8b97b837aa",
            "owner_id": "257544353206",
            "propagating_vgws": [],
            "route": [
              {
                "carrier_gateway_id": "",
                "cidr_block": "0.0.0.0/0",
                "core_network_arn": "",
                "destination_prefix_list_id": "",
                "egress_only_gateway_id": "",
                "gateway_id": "igw-0a56372ce4114e7ee",
                "ipv6_cidr_block": "",
                "local_gateway_id": "",
                "nat_gateway_id": "",
                "network_interface_id": "",
                "transit_gateway_id": "",
                "vpc_endpoint_id": "",
                "vpc_peering_connection_id": ""
              }
            ],
            "tags": {
              "Name": "cleyverse-public-rt-staging"
            },
            "tags_all": {
              "DataRetention": "7years",
              "Environment": "staging",
              "GDPR": "Compliant",
              "Name": "cleyverse-public-rt-staging",
              "Project": "Cleyverse"
            },
            "timeouts": null,
            "vpc_id": "vpc-06b6e31fe3ca14dae"
          },
          "sensitive_attributes": [],
          "private": "eyJlMmJmYjczMC1lY2FhLTExZTYtOGY4OC0zNDM2M2JjN2M0YzAiOnsiY3JlYXRlIjozMDAwMDAwMDAwMDAsImRlbGV0ZSI6MzAwMDAwMDAwMDAwLCJ1cGRhdGUiOjEyMDAwMDAwMDAwMH19",
          "dependencies": [
            "aws_internet_gateway.cleyverse_igw",
            "aws_vpc.cleyverse_vpc"
          ]
        }
      ]
    },
    {
      "mode": "managed",
      "type": "aws_route_table_association",
      "name": "private_rta",
      "provider": "provider[\"registry.terraform.io/hashicorp/aws\"]",
      "instances": [
        {
          "index_key": 0,
          "schema_version": 0,
          "attributes": {
            "gateway_id": "",
            "id": "rtbassoc-0065f5a48166e33b5",
            "route_table_id": "rtb-08db513ba0f7a83f3",
            "subnet_id": "subnet-04d3c5adc3b2c7998",
            "timeouts": null
          },
          "sensitive_attributes": [],
          "private": "eyJlMmJmYjczMC1lY2FhLTExZTYtOGY4OC0zNDM2M2JjN2M0YzAiOnsiY3JlYXRlIjozMDAwMDAwMDAwMDAsImRlbGV0ZSI6MzAwMDAwMDAwMDAwLCJ1cGRhdGUiOjEyMDAwMDAwMDAwMH19",
          "dependencies": [
            "aws_eip.nat_eip",
            "aws_internet_gateway.cleyverse_igw",
            "aws_nat_gateway.nat_gateway",
            "aws_route_table.private_rt",
            "aws_subnet.private_subnets",
            "aws_subnet.public_subnets",
            "aws_vpc.cleyverse_vpc",
            "data.aws_availability_zones.available"
          ]
        },
        {
          "index_key": 1,
          "schema_version": 0,
          "attributes": {
            "gateway_id": "",
            "id": "rtbassoc-0bde81e056b4f6e9b",
            "route_table_id": "rtb-0e89c1973e0767aa8",
            "subnet_id": "subnet-08d1fea2e35eeaddd",
            "timeouts": null
          },
          "sensitive_attributes": [],
          "private": "eyJlMmJmYjczMC1lY2FhLTExZTYtOGY4OC0zNDM2M2JjN2M0YzAiOnsiY3JlYXRlIjozMDAwMDAwMDAwMDAsImRlbGV0ZSI6MzAwMDAwMDAwMDAwLCJ1cGRhdGUiOjEyMDAwMDAwMDAwMH19",
          "dependencies": [
            "aws_eip.nat_eip",
            "aws_internet_gateway.cleyverse_igw",
            "aws_nat_gateway.nat_gateway",
            "aws_route_table.private_rt",
            "aws_subnet.private_subnets",
            "aws_subnet.public_subnets",
            "aws_vpc.cleyverse_vpc",
            "data.aws_availability_zones.available"
          ]
        }
      ]
    },
    {
      "mode": "managed",
      "type": "aws_route_table_association",
      "name": "public_rta",
      "provider": "provider[\"registry.terraform.io/hashicorp/aws\"]",
      "instances": [
        {
          "index_key": 0,
          "schema_version": 0,
          "attributes": {
            "gateway_id": "",
            "id": "rtbassoc-09394304507f1bf06",
            "route_table_id": "rtb-06c770e8b97b837aa",
            "subnet_id": "subnet-098e42d130b16417c",
            "timeouts": null
          },
          "sensitive_attributes": [],
          "private": "eyJlMmJmYjczMC1lY2FhLTExZTYtOGY4OC0zNDM2M2JjN2M0YzAiOnsiY3JlYXRlIjozMDAwMDAwMDAwMDAsImRlbGV0ZSI6MzAwMDAwMDAwMDAwLCJ1cGRhdGUiOjEyMDAwMDAwMDAwMH19",
          "dependencies": [
            "aws_internet_gateway.cleyverse_igw",
            "aws_route_table.public_rt",
            "aws_subnet.public_subnets",
            "aws_vpc.cleyverse_vpc",
            "data.aws_availability_zones.available"
          ]
        },
        {
          "index_key": 1,
          "schema_version": 0,
          "attributes": {
            "gateway_id": "",
            "id": "rtbassoc-0b88c923a544976b9",
            "route_table_id": "rtb-06c770e8b97b837aa",
            "subnet_id": "subnet-099ee8ca2bddd8a06",
            "timeouts": null
          },
          "sensitive_attributes": [],
          "private": "eyJlMmJmYjczMC1lY2FhLTExZTYtOGY4OC0zNDM2M2JjN2M0YzAiOnsiY3JlYXRlIjozMDAwMDAwMDAwMDAsImRlbGV0ZSI6MzAwMDAwMDAwMDAwLCJ1cGRhdGUiOjEyMDAwMDAwMDAwMH19",
          "dependencies": [
            "aws_internet_gateway.cleyverse_igw",
            "aws_route_table.public_rt",
            "aws_subnet.public_subnets",
            "aws_vpc.cleyverse_vpc",
            "data.aws_availability_zones.available"
          ]
        }
      ]
    },
    {
      "mode": "managed",
      "type": "aws_s3_bucket",
      "name": "cloudtrail_bucket",
      "provider": "provider[\"registry.terraform.io/hashicorp/aws\"]",
      "instances": [
        {
          "schema_version": 0,
          "attributes": {
            "acceleration_status": "",
            "acl": null,
            "arn": "arn:aws:s3:::cleyverse-cloudtrail-staging-9f9hsypq",
            "bucket": "cleyverse-cloudtrail-staging-9f9hsypq",
            "bucket_domain_name": "cleyverse-cloudtrail-staging-9f9hsypq.s3.amazonaws.com",
            "bucket_prefix": "",
            "bucket_regional_domain_name": "cleyverse-cloudtrail-staging-9f9hsypq.s3.us-east-1.amazonaws.com",
            "cors_rule": [],
            "force_destroy": false,
            "grant": [
              {
                "id": "77785997330d3c439974518c4aafa08c38d82ec4bbb90e04036d2d902e104687",
                "permissions": [
                  "FULL_CONTROL"
                ],
                "type": "CanonicalUser",
                "uri": ""
              }
            ],
            "hosted_zone_id": "Z3AQBSTGFYJSTF",
            "id": "cleyverse-cloudtrail-staging-9f9hsypq",
            "lifecycle_rule": [],
            "logging": [],
            "object_lock_configuration": [],
            "object_lock_enabled": false,
            "policy": "{\"Statement\":[{\"Action\":\"s3:GetBucketAcl\",\"Effect\":\"Allow\",\"Principal\":{\"Service\":\"cloudtrail.amazonaws.com\"},\"Resource\":\"arn:aws:s3:::cleyverse-cloudtrail-staging-9f9hsypq\",\"Sid\":\"AWSCloudTrailAclCheck\"},{\"Action\":\"s3:PutObject\",\"Condition\":{\"StringEquals\":{\"s3:x-amz-acl\":\"bucket-owner-full-control\"}},\"Effect\":\"Allow\",\"Principal\":{\"Service\":\"cloudtrail.amazonaws.com\"},\"Resource\":\"arn:aws:s3:::cleyverse-cloudtrail-staging-9f9hsypq/*\",\"Sid\":\"AWSCloudTrailWrite\"}],\"Version\":\"2012-10-17\"}",
            "region": "us-east-1",
            "replication_configuration": [],
            "request_payer": "BucketOwner",
            "server_side_encryption_configuration": [
              {
                "rule": [
                  {
                    "apply_server_side_encryption_by_default": [
                      {
                        "kms_master_key_id": "",
                        "sse_algorithm": "AES256"
                      }
                    ],
                    "bucket_key_enabled": false
                  }
                ]
              }
            ],
            "tags": {
              "Name": "cleyverse-cloudtrail-staging"
            },
            "tags_all": {
              "DataRetention": "7years",
              "Environment": "staging",
              "GDPR": "Compliant",
              "Name": "cleyverse-cloudtrail-staging",
              "Project": "Cleyverse"
            },
            "timeouts": null,
            "versioning": [
              {
                "enabled": false,
                "mfa_delete": false
              }
            ],
            "website": [],
            "website_domain": null,
            "website_endpoint": null
          },
          "sensitive_attributes": [],
          "private": "eyJlMmJmYjczMC1lY2FhLTExZTYtOGY4OC0zNDM2M2JjN2M0YzAiOnsiY3JlYXRlIjoxMjAwMDAwMDAwMDAwLCJkZWxldGUiOjM2MDAwMDAwMDAwMDAsInJlYWQiOjEyMDAwMDAwMDAwMDAsInVwZGF0ZSI6MTIwMDAwMDAwMDAwMH19",
          "dependencies": [
            "random_string.cloudtrail_suffix"
          ]
        }
      ]
    },
    {
      "mode": "managed",
      "type": "aws_s3_bucket",
      "name": "digital_files",
      "provider": "provider[\"registry.terraform.io/hashicorp/aws\"]",
      "instances": [
        {
          "schema_version": 0,
          "attributes": {
            "acceleration_status": "",
            "acl": null,
            "arn": "arn:aws:s3:::cleyverse-digital-files-staging-73qrkdf1",
            "bucket": "cleyverse-digital-files-staging-73qrkdf1",
            "bucket_domain_name": "cleyverse-digital-files-staging-73qrkdf1.s3.amazonaws.com",
            "bucket_prefix": "",
            "bucket_regional_domain_name": "cleyverse-digital-files-staging-73qrkdf1.s3.us-east-1.amazonaws.com",
            "cors_rule": [
              {
                "allowed_headers": [
                  "*"
                ],
                "allowed_methods": [
                  "POST",
                  "GET",
                  "DELETE",
                  "PUT"
                ],
                "allowed_origins": [
                  "https://api-staging.cleyfi.com",
                  "https://api.cleyfi.com",
                  "https://cleyfi.com"
                ],
                "expose_headers": [
                  "ETag"
                ],
                "max_age_seconds": 3000
              }
            ],
            "force_destroy": false,
            "grant": [
              {
                "id": "77785997330d3c439974518c4aafa08c38d82ec4bbb90e04036d2d902e104687",
                "permissions": [
                  "FULL_CONTROL"
                ],
                "type": "CanonicalUser",
                "uri": ""
              }
            ],
            "hosted_zone_id": "Z3AQBSTGFYJSTF",
            "id": "cleyverse-digital-files-staging-73qrkdf1",
            "lifecycle_rule": [
              {
                "abort_incomplete_multipart_upload_days": 7,
                "enabled": true,
                "expiration": [],
                "id": "gdpr_data_retention",
                "noncurrent_version_expiration": [
                  {
                    "days": 2555
                  }
                ],
                "noncurrent_version_transition": [
                  {
                    "days": 30,
                    "storage_class": "STANDARD_IA"
                  },
                  {
                    "days": 90,
                    "storage_class": "GLACIER"
                  }
                ],
                "prefix": "",
                "tags": {},
                "transition": [
                  {
                    "date": "",
                    "days": 30,
                    "storage_class": "STANDARD_IA"
                  },
                  {
                    "date": "",
                    "days": 90,
                    "storage_class": "GLACIER"
                  }
                ]
              }
            ],
            "logging": [],
            "object_lock_configuration": [],
            "object_lock_enabled": false,
            "policy": "",
            "region": "us-east-1",
            "replication_configuration": [],
            "request_payer": "BucketOwner",
            "server_side_encryption_configuration": [
              {
                "rule": [
                  {
                    "apply_server_side_encryption_by_default": [
                      {
                        "kms_master_key_id": "",
                        "sse_algorithm": "AES256"
                      }
                    ],
                    "bucket_key_enabled": true
                  }
                ]
              }
            ],
            "tags": {
              "Name": "cleyverse-digital-files-staging"
            },
            "tags_all": {
              "DataRetention": "7years",
              "Environment": "staging",
              "GDPR": "Compliant",
              "Name": "cleyverse-digital-files-staging",
              "Project": "Cleyverse"
            },
            "timeouts": null,
            "versioning": [
              {
                "enabled": true,
                "mfa_delete": false
              }
            ],
            "website": [],
            "website_domain": null,
            "website_endpoint": null
          },
          "sensitive_attributes": [],
          "private": "eyJlMmJmYjczMC1lY2FhLTExZTYtOGY4OC0zNDM2M2JjN2M0YzAiOnsiY3JlYXRlIjoxMjAwMDAwMDAwMDAwLCJkZWxldGUiOjM2MDAwMDAwMDAwMDAsInJlYWQiOjEyMDAwMDAwMDAwMDAsInVwZGF0ZSI6MTIwMDAwMDAwMDAwMH19",
          "dependencies": [
            "random_string.bucket_suffix"
          ]
        }
      ]
    },
    {
      "mode": "managed",
      "type": "aws_s3_bucket_cors_configuration",
      "name": "digital_files_cors",
      "provider": "provider[\"registry.terraform.io/hashicorp/aws\"]",
      "instances": [
        {
          "schema_version": 0,
          "attributes": {
            "bucket": "cleyverse-digital-files-staging-73qrkdf1",
            "cors_rule": [
              {
                "allowed_headers": [
                  "*"
                ],
                "allowed_methods": [
                  "DELETE",
                  "GET",
                  "POST",
                  "PUT"
                ],
                "allowed_origins": [
                  "https://api-staging.cleyfi.com",
                  "https://api.cleyfi.com",
                  "https://cleyfi.com"
                ],
                "expose_headers": [
                  "ETag"
                ],
                "id": "",
                "max_age_seconds": 3000
              }
            ],
            "expected_bucket_owner": "",
            "id": "cleyverse-digital-files-staging-73qrkdf1"
          },
          "sensitive_attributes": [],
          "private": "bnVsbA==",
          "dependencies": [
            "aws_s3_bucket.digital_files",
            "random_string.bucket_suffix"
          ]
        }
      ]
    },
    {
      "mode": "managed",
      "type": "aws_s3_bucket_lifecycle_configuration",
      "name": "digital_files_lifecycle",
      "provider": "provider[\"registry.terraform.io/hashicorp/aws\"]",
      "instances": [
        {
          "schema_version": 1,
          "attributes": {
            "bucket": "cleyverse-digital-files-staging-73qrkdf1",
            "expected_bucket_owner": "",
            "id": "cleyverse-digital-files-staging-73qrkdf1",
            "rule": [
              {
                "abort_incomplete_multipart_upload": [
                  {
                    "days_after_initiation": 7
                  }
                ],
                "expiration": [],
                "filter": [
                  {
                    "and": [],
                    "object_size_greater_than": null,
                    "object_size_less_than": null,
                    "prefix": "",
                    "tag": []
                  }
                ],
                "id": "gdpr_data_retention",
                "noncurrent_version_expiration": [
                  {
                    "newer_noncurrent_versions": null,
                    "noncurrent_days": 2555
                  }
                ],
                "noncurrent_version_transition": [
                  {
                    "newer_noncurrent_versions": null,
                    "noncurrent_days": 30,
                    "storage_class": "STANDARD_IA"
                  },
                  {
                    "newer_noncurrent_versions": null,
                    "noncurrent_days": 90,
                    "storage_class": "GLACIER"
                  }
                ],
                "prefix": "",
                "status": "Enabled",
                "transition": [
                  {
                    "date": null,
                    "days": 30,
                    "storage_class": "STANDARD_IA"
                  },
                  {
                    "date": null,
                    "days": 90,
                    "storage_class": "GLACIER"
                  }
                ]
              }
            ],
            "timeouts": null,
            "transition_default_minimum_object_size": "all_storage_classes_128K"
          },
          "sensitive_attributes": [],
          "dependencies": [
            "aws_s3_bucket.digital_files",
            "random_string.bucket_suffix"
          ]
        }
      ]
    },
    {
      "mode": "managed",
      "type": "aws_s3_bucket_policy",
      "name": "cloudtrail_bucket_policy",
      "provider": "provider[\"registry.terraform.io/hashicorp/aws\"]",
      "instances": [
        {
          "schema_version": 0,
          "attributes": {
            "bucket": "cleyverse-cloudtrail-staging-9f9hsypq",
            "id": "cleyverse-cloudtrail-staging-9f9hsypq",
            "policy": "{\"Statement\":[{\"Action\":\"s3:GetBucketAcl\",\"Effect\":\"Allow\",\"Principal\":{\"Service\":\"cloudtrail.amazonaws.com\"},\"Resource\":\"arn:aws:s3:::cleyverse-cloudtrail-staging-9f9hsypq\",\"Sid\":\"AWSCloudTrailAclCheck\"},{\"Action\":\"s3:PutObject\",\"Condition\":{\"StringEquals\":{\"s3:x-amz-acl\":\"bucket-owner-full-control\"}},\"Effect\":\"Allow\",\"Principal\":{\"Service\":\"cloudtrail.amazonaws.com\"},\"Resource\":\"arn:aws:s3:::cleyverse-cloudtrail-staging-9f9hsypq/*\",\"Sid\":\"AWSCloudTrailWrite\"}],\"Version\":\"2012-10-17\"}"
          },
          "sensitive_attributes": [],
          "private": "bnVsbA==",
          "dependencies": [
            "aws_s3_bucket.cloudtrail_bucket",
            "random_string.cloudtrail_suffix"
          ]
        }
      ]
    },
    {
      "mode": "managed",
      "type": "aws_s3_bucket_public_access_block",
      "name": "cloudtrail_pab",
      "provider": "provider[\"registry.terraform.io/hashicorp/aws\"]",
      "instances": [
        {
          "schema_version": 0,
          "attributes": {
            "block_public_acls": true,
            "block_public_policy": true,
            "bucket": "cleyverse-cloudtrail-staging-9f9hsypq",
            "id": "cleyverse-cloudtrail-staging-9f9hsypq",
            "ignore_public_acls": true,
            "restrict_public_buckets": true
          },
          "sensitive_attributes": [],
          "private": "bnVsbA==",
          "dependencies": [
            "aws_s3_bucket.cloudtrail_bucket",
            "random_string.cloudtrail_suffix"
          ]
        }
      ]
    },
    {
      "mode": "managed",
      "type": "aws_s3_bucket_public_access_block",
      "name": "digital_files_pab",
      "provider": "provider[\"registry.terraform.io/hashicorp/aws\"]",
      "instances": [
        {
          "schema_version": 0,
          "attributes": {
            "block_public_acls": true,
            "block_public_policy": true,
            "bucket": "cleyverse-digital-files-staging-73qrkdf1",
            "id": "cleyverse-digital-files-staging-73qrkdf1",
            "ignore_public_acls": true,
            "restrict_public_buckets": true
          },
          "sensitive_attributes": [],
          "private": "bnVsbA==",
          "dependencies": [
            "aws_s3_bucket.digital_files",
            "random_string.bucket_suffix"
          ]
        }
      ]
    },
    {
      "mode": "managed",
      "type": "aws_s3_bucket_server_side_encryption_configuration",
      "name": "cloudtrail_encryption",
      "provider": "provider[\"registry.terraform.io/hashicorp/aws\"]",
      "instances": [
        {
          "schema_version": 0,
          "attributes": {
            "bucket": "cleyverse-cloudtrail-staging-9f9hsypq",
            "expected_bucket_owner": "",
            "id": "cleyverse-cloudtrail-staging-9f9hsypq",
            "rule": [
              {
                "apply_server_side_encryption_by_default": [
                  {
                    "kms_master_key_id": "",
                    "sse_algorithm": "AES256"
                  }
                ],
                "bucket_key_enabled": false
              }
            ]
          },
          "sensitive_attributes": [],
          "private": "bnVsbA==",
          "dependencies": [
            "aws_s3_bucket.cloudtrail_bucket",
            "random_string.cloudtrail_suffix"
          ]
        }
      ]
    },
    {
      "mode": "managed",
      "type": "aws_s3_bucket_server_side_encryption_configuration",
      "name": "digital_files_encryption",
      "provider": "provider[\"registry.terraform.io/hashicorp/aws\"]",
      "instances": [
        {
          "schema_version": 0,
          "attributes": {
            "bucket": "cleyverse-digital-files-staging-73qrkdf1",
            "expected_bucket_owner": "",
            "id": "cleyverse-digital-files-staging-73qrkdf1",
            "rule": [
              {
                "apply_server_side_encryption_by_default": [
                  {
                    "kms_master_key_id": "",
                    "sse_algorithm": "AES256"
                  }
                ],
                "bucket_key_enabled": true
              }
            ]
          },
          "sensitive_attributes": [],
          "private": "bnVsbA==",
          "dependencies": [
            "aws_s3_bucket.digital_files",
            "random_string.bucket_suffix"
          ]
        }
      ]
    },
    {
      "mode": "managed",
      "type": "aws_s3_bucket_versioning",
      "name": "digital_files_versioning",
      "provider": "provider[\"registry.terraform.io/hashicorp/aws\"]",
      "instances": [
        {
          "schema_version": 0,
          "attributes": {
            "bucket": "cleyverse-digital-files-staging-73qrkdf1",
            "expected_bucket_owner": "",
            "id": "cleyverse-digital-files-staging-73qrkdf1",
            "mfa": null,
            "versioning_configuration": [
              {
                "mfa_delete": "",
                "status": "Enabled"
              }
            ]
          },
          "sensitive_attributes": [],
          "private": "bnVsbA==",
          "dependencies": [
            "aws_s3_bucket.digital_files",
            "random_string.bucket_suffix"
          ]
        }
      ]
    },
    {
      "mode": "managed",
      "type": "aws_security_group",
      "name": "db_sg",
      "provider": "provider[\"registry.terraform.io/hashicorp/aws\"]",
      "instances": [
        {
          "schema_version": 1,
          "attributes": {
            "arn": "arn:aws:ec2:us-east-1:257544353206:security-group/sg-023e0be48a1a9478f",
            "description": "Managed by Terraform",
            "egress": [
              {
                "cidr_blocks": [
                  "0.0.0.0/0"
                ],
                "description": "",
                "from_port": 0,
                "ipv6_cidr_blocks": [],
                "prefix_list_ids": [],
                "protocol": "-1",
                "security_groups": [],
                "self": false,
                "to_port": 0
              }
            ],
            "id": "sg-023e0be48a1a9478f",
            "ingress": [
              {
                "cidr_blocks": [],
                "description": "",
                "from_port": 5432,
                "ipv6_cidr_blocks": [],
                "prefix_list_ids": [],
                "protocol": "tcp",
                "security_groups": [
                  "sg-060323870c31cf310"
                ],
                "self": false,
                "to_port": 5432
              }
            ],
            "name": "cleyverse-db-sg-staging20251018201455127200000004",
            "name_prefix": "cleyverse-db-sg-staging",
            "owner_id": "257544353206",
            "revoke_rules_on_delete": false,
            "tags": {
              "Name": "cleyverse-db-sg-staging"
            },
            "tags_all": {
              "DataRetention": "7years",
              "Environment": "staging",
              "GDPR": "Compliant",
              "Name": "cleyverse-db-sg-staging",
              "Project": "Cleyverse"
            },
            "timeouts": null,
            "vpc_id": "vpc-06b6e31fe3ca14dae"
          },
          "sensitive_attributes": [],
          "private": "eyJlMmJmYjczMC1lY2FhLTExZTYtOGY4OC0zNDM2M2JjN2M0YzAiOnsiY3JlYXRlIjo2MDAwMDAwMDAwMDAsImRlbGV0ZSI6OTAwMDAwMDAwMDAwfSwic2NoZW1hX3ZlcnNpb24iOiIxIn0=",
          "dependencies": [
            "aws_security_group.web_sg",
            "aws_vpc.cleyverse_vpc"
          ]
        }
      ]
    },
    {
      "mode": "managed",
      "type": "aws_security_group",
      "name": "web_sg",
      "provider": "provider[\"registry.terraform.io/hashicorp/aws\"]",
      "instances": [
        {
          "schema_version": 1,
          "attributes": {
            "arn": "arn:aws:ec2:us-east-1:257544353206:security-group/sg-060323870c31cf310",
            "description": "Managed by Terraform",
            "egress": [
              {
                "cidr_blocks": [
                  "0.0.0.0/0"
                ],
                "description": "",
                "from_port": 0,
                "ipv6_cidr_blocks": [],
                "prefix_list_ids": [],
                "protocol": "-1",
                "security_groups": [],
                "self": false,
                "to_port": 0
              }
            ],
            "id": "sg-060323870c31cf310",
            "ingress": [
              {
                "cidr_blocks": [
                  "0.0.0.0/0"
                ],
                "description": "",
                "from_port": 22,
                "ipv6_cidr_blocks": [],
                "prefix_list_ids": [],
                "protocol": "tcp",
                "security_groups": [],
                "self": false,
                "to_port": 22
              },
              {
                "cidr_blocks": [
                  "0.0.0.0/0"
                ],
                "description": "",
                "from_port": 443,
                "ipv6_cidr_blocks": [],
                "prefix_list_ids": [],
                "protocol": "tcp",
                "security_groups": [],
                "self": false,
                "to_port": 443
              },
              {
                "cidr_blocks": [
                  "0.0.0.0/0"
                ],
                "description": "",
                "from_port": 80,
                "ipv6_cidr_blocks": [],
                "prefix_list_ids": [],
                "protocol": "tcp",
                "security_groups": [],
                "self": false,
                "to_port": 80
              },
              {
                "cidr_blocks": [
                  "10.0.0.0/16"
                ],
                "description": "",
                "from_port": 3000,
                "ipv6_cidr_blocks": [],
                "prefix_list_ids": [],
                "protocol": "tcp",
                "security_groups": [],
                "self": false,
                "to_port": 3000
              }
            ],
            "name": "cleyverse-web-sg-staging20251018201449292800000002",
            "name_prefix": "cleyverse-web-sg-staging",
            "owner_id": "257544353206",
            "revoke_rules_on_delete": false,
            "tags": {
              "Name": "cleyverse-web-sg-staging"
            },
            "tags_all": {
              "DataRetention": "7years",
              "Environment": "staging",
              "GDPR": "Compliant",
              "Name": "cleyverse-web-sg-staging",
              "Project": "Cleyverse"
            },
            "timeouts": null,
            "vpc_id": "vpc-06b6e31fe3ca14dae"
          },
          "sensitive_attributes": [],
          "private": "eyJlMmJmYjczMC1lY2FhLTExZTYtOGY4OC0zNDM2M2JjN2M0YzAiOnsiY3JlYXRlIjo2MDAwMDAwMDAwMDAsImRlbGV0ZSI6OTAwMDAwMDAwMDAwfSwic2NoZW1hX3ZlcnNpb24iOiIxIn0=",
          "dependencies": [
            "aws_vpc.cleyverse_vpc"
          ]
        }
      ]
    },
    {
      "mode": "managed",
      "type": "aws_subnet",
      "name": "private_subnets",
      "provider": "provider[\"registry.terraform.io/hashicorp/aws\"]",
      "instances": [
        {
          "index_key": 0,
          "schema_version": 1,
          "attributes": {
            "arn": "arn:aws:ec2:us-east-1:257544353206:subnet/subnet-04d3c5adc3b2c7998",
            "assign_ipv6_address_on_creation": false,
            "availability_zone": "us-east-1a",
            "availability_zone_id": "use1-az1",
            "cidr_block": "10.0.10.0/24",
            "customer_owned_ipv4_pool": "",
            "enable_dns64": false,
            "enable_lni_at_device_index": 0,
            "enable_resource_name_dns_a_record_on_launch": false,
            "enable_resource_name_dns_aaaa_record_on_launch": false,
            "id": "subnet-04d3c5adc3b2c7998",
            "ipv6_cidr_block": "",
            "ipv6_cidr_block_association_id": "",
            "ipv6_native": false,
            "map_customer_owned_ip_on_launch": false,
            "map_public_ip_on_launch": false,
            "outpost_arn": "",
            "owner_id": "257544353206",
            "private_dns_hostname_type_on_launch": "ip-name",
            "tags": {
              "Name": "cleyverse-private-subnet-1-staging",
              "Type": "Private"
            },
            "tags_all": {
              "DataRetention": "7years",
              "Environment": "staging",
              "GDPR": "Compliant",
              "Name": "cleyverse-private-subnet-1-staging",
              "Project": "Cleyverse",
              "Type": "Private"
            },
            "timeouts": null,
            "vpc_id": "vpc-06b6e31fe3ca14dae"
          },
          "sensitive_attributes": [],
          "private": "eyJlMmJmYjczMC1lY2FhLTExZTYtOGY4OC0zNDM2M2JjN2M0YzAiOnsiY3JlYXRlIjo2MDAwMDAwMDAwMDAsImRlbGV0ZSI6MTIwMDAwMDAwMDAwMH0sInNjaGVtYV92ZXJzaW9uIjoiMSJ9",
          "dependencies": [
            "aws_vpc.cleyverse_vpc",
            "data.aws_availability_zones.available"
          ]
        },
        {
          "index_key": 1,
          "schema_version": 1,
          "attributes": {
            "arn": "arn:aws:ec2:us-east-1:257544353206:subnet/subnet-08d1fea2e35eeaddd",
            "assign_ipv6_address_on_creation": false,
            "availability_zone": "us-east-1b",
            "availability_zone_id": "use1-az2",
            "cidr_block": "10.0.11.0/24",
            "customer_owned_ipv4_pool": "",
            "enable_dns64": false,
            "enable_lni_at_device_index": 0,
            "enable_resource_name_dns_a_record_on_launch": false,
            "enable_resource_name_dns_aaaa_record_on_launch": false,
            "id": "subnet-08d1fea2e35eeaddd",
            "ipv6_cidr_block": "",
            "ipv6_cidr_block_association_id": "",
            "ipv6_native": false,
            "map_customer_owned_ip_on_launch": false,
            "map_public_ip_on_launch": false,
            "outpost_arn": "",
            "owner_id": "257544353206",
            "private_dns_hostname_type_on_launch": "ip-name",
            "tags": {
              "Name": "cleyverse-private-subnet-2-staging",
              "Type": "Private"
            },
            "tags_all": {
              "DataRetention": "7years",
              "Environment": "staging",
              "GDPR": "Compliant",
              "Name": "cleyverse-private-subnet-2-staging",
              "Project": "Cleyverse",
              "Type": "Private"
            },
            "timeouts": null,
            "vpc_id": "vpc-06b6e31fe3ca14dae"
          },
          "sensitive_attributes": [],
          "private": "eyJlMmJmYjczMC1lY2FhLTExZTYtOGY4OC0zNDM2M2JjN2M0YzAiOnsiY3JlYXRlIjo2MDAwMDAwMDAwMDAsImRlbGV0ZSI6MTIwMDAwMDAwMDAwMH0sInNjaGVtYV92ZXJzaW9uIjoiMSJ9",
          "dependencies": [
            "aws_vpc.cleyverse_vpc",
            "data.aws_availability_zones.available"
          ]
        }
      ]
    },
    {
      "mode": "managed",
      "type": "aws_subnet",
      "name": "public_subnets",
      "provider": "provider[\"registry.terraform.io/hashicorp/aws\"]",
      "instances": [
        {
          "index_key": 0,
          "schema_version": 1,
          "attributes": {
            "arn": "arn:aws:ec2:us-east-1:257544353206:subnet/subnet-098e42d130b16417c",
            "assign_ipv6_address_on_creation": false,
            "availability_zone": "us-east-1a",
            "availability_zone_id": "use1-az1",
            "cidr_block": "10.0.1.0/24",
            "customer_owned_ipv4_pool": "",
            "enable_dns64": false,
            "enable_lni_at_device_index": 0,
            "enable_resource_name_dns_a_record_on_launch": false,
            "enable_resource_name_dns_aaaa_record_on_launch": false,
            "id": "subnet-098e42d130b16417c",
            "ipv6_cidr_block": "",
            "ipv6_cidr_block_association_id": "",
            "ipv6_native": false,
            "map_customer_owned_ip_on_launch": false,
            "map_public_ip_on_launch": true,
            "outpost_arn": "",
            "owner_id": "257544353206",
            "private_dns_hostname_type_on_launch": "ip-name",
            "tags": {
              "Name": "cleyverse-public-subnet-1-staging",
              "Type": "Public"
            },
            "tags_all": {
              "DataRetention": "7years",
              "Environment": "staging",
              "GDPR": "Compliant",
              "Name": "cleyverse-public-subnet-1-staging",
              "Project": "Cleyverse",
              "Type": "Public"
            },
            "timeouts": null,
            "vpc_id": "vpc-06b6e31fe3ca14dae"
          },
          "sensitive_attributes": [],
          "private": "eyJlMmJmYjczMC1lY2FhLTExZTYtOGY4OC0zNDM2M2JjN2M0YzAiOnsiY3JlYXRlIjo2MDAwMDAwMDAwMDAsImRlbGV0ZSI6MTIwMDAwMDAwMDAwMH0sInNjaGVtYV92ZXJzaW9uIjoiMSJ9",
          "dependencies": [
            "aws_vpc.cleyverse_vpc",
            "data.aws_availability_zones.available"
          ]
        },
        {
          "index_key": 1,
          "schema_version": 1,
          "attributes": {
            "arn": "arn:aws:ec2:us-east-1:257544353206:subnet/subnet-099ee8ca2bddd8a06",
            "assign_ipv6_address_on_creation": false,
            "availability_zone": "us-east-1b",
            "availability_zone_id": "use1-az2",
            "cidr_block": "10.0.2.0/24",
            "customer_owned_ipv4_pool": "",
            "enable_dns64": false,
            "enable_lni_at_device_index": 0,
            "enable_resource_name_dns_a_record_on_launch": false,
            "enable_resource_name_dns_aaaa_record_on_launch": false,
            "id": "subnet-099ee8ca2bddd8a06",
            "ipv6_cidr_block": "",
            "ipv6_cidr_block_association_id": "",
            "ipv6_native": false,
            "map_customer_owned_ip_on_launch": false,
            "map_public_ip_on_launch": true,
            "outpost_arn": "",
            "owner_id": "257544353206",
            "private_dns_hostname_type_on_launch": "ip-name",
            "tags": {
              "Name": "cleyverse-public-subnet-2-staging",
              "Type": "Public"
            },
            "tags_all": {
              "DataRetention": "7years",
              "Environment": "staging",
              "GDPR": "Compliant",
              "Name": "cleyverse-public-subnet-2-staging",
              "Project": "Cleyverse",
              "Type": "Public"
            },
            "timeouts": null,
            "vpc_id": "vpc-06b6e31fe3ca14dae"
          },
          "sensitive_attributes": [],
          "private": "eyJlMmJmYjczMC1lY2FhLTExZTYtOGY4OC0zNDM2M2JjN2M0YzAiOnsiY3JlYXRlIjo2MDAwMDAwMDAwMDAsImRlbGV0ZSI6MTIwMDAwMDAwMDAwMH0sInNjaGVtYV92ZXJzaW9uIjoiMSJ9",
          "dependencies": [
            "aws_vpc.cleyverse_vpc",
            "data.aws_availability_zones.available"
          ]
        }
      ]
    },
    {
      "mode": "managed",
      "type": "aws_vpc",
      "name": "cleyverse_vpc",
      "provider": "provider[\"registry.terraform.io/hashicorp/aws\"]",
      "instances": [
        {
          "schema_version": 1,
          "attributes": {
            "arn": "arn:aws:ec2:us-east-1:257544353206:vpc/vpc-06b6e31fe3ca14dae",
            "assign_generated_ipv6_cidr_block": false,
            "cidr_block": "10.0.0.0/16",
            "default_network_acl_id": "acl-08e5cd84306480c1f",
            "default_route_table_id": "rtb-03ee1a97876d06c42",
            "default_security_group_id": "sg-0494af0af4ab740aa",
            "dhcp_options_id": "dopt-02f815c67a5d7b4b2",
            "enable_dns_hostnames": true,
            "enable_dns_support": true,
            "enable_network_address_usage_metrics": false,
            "id": "vpc-06b6e31fe3ca14dae",
            "instance_tenancy": "default",
            "ipv4_ipam_pool_id": null,
            "ipv4_netmask_length": null,
            "ipv6_association_id": "",
            "ipv6_cidr_block": "",
            "ipv6_cidr_block_network_border_group": "",
            "ipv6_ipam_pool_id": "",
            "ipv6_netmask_length": 0,
            "main_route_table_id": "rtb-03ee1a97876d06c42",
            "owner_id": "257544353206",
            "tags": {
              "Name": "cleyverse-vpc-staging"
            },
            "tags_all": {
              "DataRetention": "7years",
              "Environment": "staging",
              "GDPR": "Compliant",
              "Name": "cleyverse-vpc-staging",
              "Project": "Cleyverse"
            }
          },
          "sensitive_attributes": [],
          "private": "eyJzY2hlbWFfdmVyc2lvbiI6IjEifQ=="
        }
      ]
    },
    {
      "mode": "managed",
      "type": "random_string",
      "name": "bucket_suffix",
      "provider": "provider[\"registry.terraform.io/hashicorp/random\"]",
      "instances": [
        {
          "schema_version": 2,
          "attributes": {
            "id": "73qrkdf1",
            "keepers": null,
            "length": 8,
            "lower": true,
            "min_lower": 0,
            "min_numeric": 0,
            "min_special": 0,
            "min_upper": 0,
            "number": true,
            "numeric": true,
            "override_special": null,
            "result": "73qrkdf1",
            "special": false,
            "upper": false
          },
          "sensitive_attributes": []
        }
      ]
    },
    {
      "mode": "managed",
      "type": "random_string",
      "name": "cloudtrail_suffix",
      "provider": "provider[\"registry.terraform.io/hashicorp/random\"]",
      "instances": [
        {
          "schema_version": 2,
          "attributes": {
            "id": "9f9hsypq",
            "keepers": null,
            "length": 8,
            "lower": true,
            "min_lower": 0,
            "min_numeric": 0,
            "min_special": 0,
            "min_upper": 0,
            "number": true,
            "numeric": true,
            "override_special": null,
            "result": "9f9hsypq",
            "special": false,
            "upper": false
          },
          "sensitive_attributes": []
        }
      ]
    }
  ],
  "check_results": null
}
